
Microsoft Visual Studio Solution File, Format Version 12.00
# Visual Studio Version 17
VisualStudioVersion = 17.0.31912.275
MinimumVisualStudioVersion = 10.0.40219.1
Project("{9A19103F-16F7-4668-BE54-9A1E7A4F7556}") = "Autostart", "Autostart\Autostart.csproj", "{282B67BA-21CE-4390-A94D-C61D59EA9B96}"
EndProject
Project("{9A19103F-16F7-4668-BE54-9A1E7A4F7556}") = "Logging", "Logging\Logging.csproj", "{C8647702-40D4-4C7D-9190-2A7313137A59}"
EndProject
Project("{9A19103F-16F7-4668-BE54-9A1E7A4F7556}") = "Shared", "Shared\Shared.csproj", "{477FD6B7-D7A8-4EFA-B5A5-AA700FAECB80}"
EndProject
Project("{9A19103F-16F7-4668-BE54-9A1E7A4F7556}") = "ConfigProviders", "ConfigProviders\ConfigProviders.csproj", "{7A690186-0D45-4AA8-B979-68419525E986}"
EndProject
Project("{9A19103F-16F7-4668-BE54-9A1E7A4F7556}") = "ControlProviders", "ControlProviders\ControlProviders.csproj", "{FABECDC8-68C5-46D2-8D3A-84FDD36293C3}"
EndProject
Project("{9A19103F-16F7-4668-BE54-9A1E7A4F7556}") = "Listeners", "Listeners\Listeners.csproj", "{1A4B2ACB-1ED1-4146-B2DC-7EE50CA80797}"
EndProject
Project("{9A19103F-16F7-4668-BE54-9A1E7A4F7556}") = "Servers", "Servers\Servers.csproj", "{E8B78725-E09E-471D-ACBF-7C4B9436D8BB}"
EndProject
Project("{9A19103F-16F7-4668-BE54-9A1E7A4F7556}") = "RemoteControlWinForms", "RemoteControlWinForms\RemoteControlWinForms.csproj", "{70B9B8C6-5E14-4040-BC9D-523BF4DF4698}"
EndProject
Project("{9A19103F-16F7-4668-BE54-9A1E7A4F7556}") = "RemoteControlConsole", "RemoteControlConsole\RemoteControlConsole.csproj", "{276BB8ED-A2A9-4CB7-91E7-F45A4B9F03E1}"
EndProject
Project("{9A19103F-16F7-4668-BE54-9A1E7A4F7556}") = "RemoteControlLinux", "RemoteControlLinux\RemoteControlLinux.csproj", "{4F05D6DF-4EBB-4D28-A2C5-6C96266D45BA}"
EndProject
Project("{9A19103F-16F7-4668-BE54-9A1E7A4F7556}") = "Web", "Web\Web.csproj", "{65364FAB-64F4-4ACF-BEEF-F34E03486E06}"
EndProject
Project("{9A19103F-16F7-4668-BE54-9A1E7A4F7556}") = "RemoteControlWindows", "RemoteControlWindows\RemoteControlWindows.csproj", "{46D461B5-6FA3-4877-A4D4-9D8C1F21F2C7}"
EndProject
Project("{FAE04EC0-301F-11D3-BF4B-00C04F79EFBC}") = "RemoteControlMain", "RemoteControlMain\RemoteControlMain.csproj", "{797CADC6-06A9-4E50-86FF-E2993CFCF8E5}"
EndProject
Global
	GlobalSection(SolutionConfigurationPlatforms) = preSolution
		Debug|Any CPU = Debug|Any CPU
		Debug|x64 = Debug|x64
		Release|Any CPU = Release|Any CPU
		Release|x64 = Release|x64
	EndGlobalSection
	GlobalSection(ProjectConfigurationPlatforms) = postSolution
		{282B67BA-21CE-4390-A94D-C61D59EA9B96}.Debug|Any CPU.ActiveCfg = Debug|Any CPU
		{282B67BA-21CE-4390-A94D-C61D59EA9B96}.Debug|Any CPU.Build.0 = Debug|Any CPU
		{282B67BA-21CE-4390-A94D-C61D59EA9B96}.Debug|x64.ActiveCfg = Debug|Any CPU
		{282B67BA-21CE-4390-A94D-C61D59EA9B96}.Debug|x64.Build.0 = Debug|Any CPU
		{282B67BA-21CE-4390-A94D-C61D59EA9B96}.Release|Any CPU.ActiveCfg = Release|Any CPU
		{282B67BA-21CE-4390-A94D-C61D59EA9B96}.Release|Any CPU.Build.0 = Release|Any CPU
		{282B67BA-21CE-4390-A94D-C61D59EA9B96}.Release|x64.ActiveCfg = Release|Any CPU
		{282B67BA-21CE-4390-A94D-C61D59EA9B96}.Release|x64.Build.0 = Release|Any CPU
		{C8647702-40D4-4C7D-9190-2A7313137A59}.Debug|Any CPU.ActiveCfg = Debug|Any CPU
		{C8647702-40D4-4C7D-9190-2A7313137A59}.Debug|Any CPU.Build.0 = Debug|Any CPU
		{C8647702-40D4-4C7D-9190-2A7313137A59}.Debug|x64.ActiveCfg = Debug|Any CPU
		{C8647702-40D4-4C7D-9190-2A7313137A59}.Debug|x64.Build.0 = Debug|Any CPU
		{C8647702-40D4-4C7D-9190-2A7313137A59}.Release|Any CPU.ActiveCfg = Release|Any CPU
		{C8647702-40D4-4C7D-9190-2A7313137A59}.Release|Any CPU.Build.0 = Release|Any CPU
		{C8647702-40D4-4C7D-9190-2A7313137A59}.Release|x64.ActiveCfg = Release|Any CPU
		{C8647702-40D4-4C7D-9190-2A7313137A59}.Release|x64.Build.0 = Release|Any CPU
		{477FD6B7-D7A8-4EFA-B5A5-AA700FAECB80}.Debug|Any CPU.ActiveCfg = Debug|Any CPU
		{477FD6B7-D7A8-4EFA-B5A5-AA700FAECB80}.Debug|Any CPU.Build.0 = Debug|Any CPU
		{477FD6B7-D7A8-4EFA-B5A5-AA700FAECB80}.Debug|x64.ActiveCfg = Debug|Any CPU
		{477FD6B7-D7A8-4EFA-B5A5-AA700FAECB80}.Debug|x64.Build.0 = Debug|Any CPU
		{477FD6B7-D7A8-4EFA-B5A5-AA700FAECB80}.Release|Any CPU.ActiveCfg = Release|Any CPU
		{477FD6B7-D7A8-4EFA-B5A5-AA700FAECB80}.Release|Any CPU.Build.0 = Release|Any CPU
		{477FD6B7-D7A8-4EFA-B5A5-AA700FAECB80}.Release|x64.ActiveCfg = Release|Any CPU
		{477FD6B7-D7A8-4EFA-B5A5-AA700FAECB80}.Release|x64.Build.0 = Release|Any CPU
		{7A690186-0D45-4AA8-B979-68419525E986}.Debug|Any CPU.ActiveCfg = Debug|Any CPU
		{7A690186-0D45-4AA8-B979-68419525E986}.Debug|Any CPU.Build.0 = Debug|Any CPU
		{7A690186-0D45-4AA8-B979-68419525E986}.Debug|x64.ActiveCfg = Debug|Any CPU
		{7A690186-0D45-4AA8-B979-68419525E986}.Debug|x64.Build.0 = Debug|Any CPU
		{7A690186-0D45-4AA8-B979-68419525E986}.Release|Any CPU.ActiveCfg = Release|Any CPU
		{7A690186-0D45-4AA8-B979-68419525E986}.Release|Any CPU.Build.0 = Release|Any CPU
		{7A690186-0D45-4AA8-B979-68419525E986}.Release|x64.ActiveCfg = Release|Any CPU
		{7A690186-0D45-4AA8-B979-68419525E986}.Release|x64.Build.0 = Release|Any CPU
		{FABECDC8-68C5-46D2-8D3A-84FDD36293C3}.Debug|Any CPU.ActiveCfg = Debug|Any CPU
		{FABECDC8-68C5-46D2-8D3A-84FDD36293C3}.Debug|Any CPU.Build.0 = Debug|Any CPU
		{FABECDC8-68C5-46D2-8D3A-84FDD36293C3}.Debug|x64.ActiveCfg = Debug|Any CPU
		{FABECDC8-68C5-46D2-8D3A-84FDD36293C3}.Debug|x64.Build.0 = Debug|Any CPU
		{FABECDC8-68C5-46D2-8D3A-84FDD36293C3}.Release|Any CPU.ActiveCfg = Release|Any CPU
		{FABECDC8-68C5-46D2-8D3A-84FDD36293C3}.Release|Any CPU.Build.0 = Release|Any CPU
		{FABECDC8-68C5-46D2-8D3A-84FDD36293C3}.Release|x64.ActiveCfg = Release|Any CPU
		{FABECDC8-68C5-46D2-8D3A-84FDD36293C3}.Release|x64.Build.0 = Release|Any CPU
		{1A4B2ACB-1ED1-4146-B2DC-7EE50CA80797}.Debug|Any CPU.ActiveCfg = Debug|Any CPU
		{1A4B2ACB-1ED1-4146-B2DC-7EE50CA80797}.Debug|Any CPU.Build.0 = Debug|Any CPU
		{1A4B2ACB-1ED1-4146-B2DC-7EE50CA80797}.Debug|x64.ActiveCfg = Debug|Any CPU
		{1A4B2ACB-1ED1-4146-B2DC-7EE50CA80797}.Debug|x64.Build.0 = Debug|Any CPU
		{1A4B2ACB-1ED1-4146-B2DC-7EE50CA80797}.Release|Any CPU.ActiveCfg = Release|Any CPU
		{1A4B2ACB-1ED1-4146-B2DC-7EE50CA80797}.Release|Any CPU.Build.0 = Release|Any CPU
		{1A4B2ACB-1ED1-4146-B2DC-7EE50CA80797}.Release|x64.ActiveCfg = Release|Any CPU
		{1A4B2ACB-1ED1-4146-B2DC-7EE50CA80797}.Release|x64.Build.0 = Release|Any CPU
		{E8B78725-E09E-471D-ACBF-7C4B9436D8BB}.Debug|Any CPU.ActiveCfg = Debug|Any CPU
		{E8B78725-E09E-471D-ACBF-7C4B9436D8BB}.Debug|Any CPU.Build.0 = Debug|Any CPU
		{E8B78725-E09E-471D-ACBF-7C4B9436D8BB}.Debug|x64.ActiveCfg = Debug|Any CPU
		{E8B78725-E09E-471D-ACBF-7C4B9436D8BB}.Debug|x64.Build.0 = Debug|Any CPU
		{E8B78725-E09E-471D-ACBF-7C4B9436D8BB}.Release|Any CPU.ActiveCfg = Release|Any CPU
		{E8B78725-E09E-471D-ACBF-7C4B9436D8BB}.Release|Any CPU.Build.0 = Release|Any CPU
		{E8B78725-E09E-471D-ACBF-7C4B9436D8BB}.Release|x64.ActiveCfg = Release|Any CPU
		{E8B78725-E09E-471D-ACBF-7C4B9436D8BB}.Release|x64.Build.0 = Release|Any CPU
		{70B9B8C6-5E14-4040-BC9D-523BF4DF4698}.Debug|Any CPU.ActiveCfg = Debug|Any CPU
		{70B9B8C6-5E14-4040-BC9D-523BF4DF4698}.Debug|Any CPU.Build.0 = Debug|Any CPU
		{70B9B8C6-5E14-4040-BC9D-523BF4DF4698}.Debug|x64.ActiveCfg = Debug|x64
		{70B9B8C6-5E14-4040-BC9D-523BF4DF4698}.Debug|x64.Build.0 = Debug|x64
		{70B9B8C6-5E14-4040-BC9D-523BF4DF4698}.Release|Any CPU.ActiveCfg = Release|Any CPU
		{70B9B8C6-5E14-4040-BC9D-523BF4DF4698}.Release|Any CPU.Build.0 = Release|Any CPU
		{70B9B8C6-5E14-4040-BC9D-523BF4DF4698}.Release|x64.ActiveCfg = Release|x64
		{70B9B8C6-5E14-4040-BC9D-523BF4DF4698}.Release|x64.Build.0 = Release|x64
		{276BB8ED-A2A9-4CB7-91E7-F45A4B9F03E1}.Debug|Any CPU.ActiveCfg = Debug|Any CPU
		{276BB8ED-A2A9-4CB7-91E7-F45A4B9F03E1}.Debug|Any CPU.Build.0 = Debug|Any CPU
		{276BB8ED-A2A9-4CB7-91E7-F45A4B9F03E1}.Debug|x64.ActiveCfg = Debug|Any CPU
		{276BB8ED-A2A9-4CB7-91E7-F45A4B9F03E1}.Debug|x64.Build.0 = Debug|Any CPU
		{276BB8ED-A2A9-4CB7-91E7-F45A4B9F03E1}.Release|Any CPU.ActiveCfg = Release|Any CPU
		{276BB8ED-A2A9-4CB7-91E7-F45A4B9F03E1}.Release|Any CPU.Build.0 = Release|Any CPU
		{276BB8ED-A2A9-4CB7-91E7-F45A4B9F03E1}.Release|x64.ActiveCfg = Release|Any CPU
		{276BB8ED-A2A9-4CB7-91E7-F45A4B9F03E1}.Release|x64.Build.0 = Release|Any CPU
		{4F05D6DF-4EBB-4D28-A2C5-6C96266D45BA}.Debug|Any CPU.ActiveCfg = Debug|Any CPU
		{4F05D6DF-4EBB-4D28-A2C5-6C96266D45BA}.Debug|Any CPU.Build.0 = Debug|Any CPU
		{4F05D6DF-4EBB-4D28-A2C5-6C96266D45BA}.Debug|x64.ActiveCfg = Debug|Any CPU
		{4F05D6DF-4EBB-4D28-A2C5-6C96266D45BA}.Debug|x64.Build.0 = Debug|Any CPU
		{4F05D6DF-4EBB-4D28-A2C5-6C96266D45BA}.Release|Any CPU.ActiveCfg = Release|Any CPU
		{4F05D6DF-4EBB-4D28-A2C5-6C96266D45BA}.Release|Any CPU.Build.0 = Release|Any CPU
		{4F05D6DF-4EBB-4D28-A2C5-6C96266D45BA}.Release|x64.ActiveCfg = Release|Any CPU
		{4F05D6DF-4EBB-4D28-A2C5-6C96266D45BA}.Release|x64.Build.0 = Release|Any CPU
		{65364FAB-64F4-4ACF-BEEF-F34E03486E06}.Debug|Any CPU.ActiveCfg = Debug|Any CPU
		{65364FAB-64F4-4ACF-BEEF-F34E03486E06}.Debug|Any CPU.Build.0 = Debug|Any CPU
		{65364FAB-64F4-4ACF-BEEF-F34E03486E06}.Debug|x64.ActiveCfg = Debug|Any CPU
		{65364FAB-64F4-4ACF-BEEF-F34E03486E06}.Debug|x64.Build.0 = Debug|Any CPU
		{65364FAB-64F4-4ACF-BEEF-F34E03486E06}.Release|Any CPU.ActiveCfg = Release|Any CPU
		{65364FAB-64F4-4ACF-BEEF-F34E03486E06}.Release|Any CPU.Build.0 = Release|Any CPU
		{65364FAB-64F4-4ACF-BEEF-F34E03486E06}.Release|x64.ActiveCfg = Release|Any CPU
		{65364FAB-64F4-4ACF-BEEF-F34E03486E06}.Release|x64.Build.0 = Release|Any CPU
		{46D461B5-6FA3-4877-A4D4-9D8C1F21F2C7}.Debug|Any CPU.ActiveCfg = Debug|Any CPU
		{46D461B5-6FA3-4877-A4D4-9D8C1F21F2C7}.Debug|Any CPU.Build.0 = Debug|Any CPU
		{46D461B5-6FA3-4877-A4D4-9D8C1F21F2C7}.Debug|x64.ActiveCfg = Debug|Any CPU
		{46D461B5-6FA3-4877-A4D4-9D8C1F21F2C7}.Debug|x64.Build.0 = Debug|Any CPU
		{46D461B5-6FA3-4877-A4D4-9D8C1F21F2C7}.Release|Any CPU.ActiveCfg = Release|Any CPU
		{46D461B5-6FA3-4877-A4D4-9D8C1F21F2C7}.Release|Any CPU.Build.0 = Release|Any CPU
		{46D461B5-6FA3-4877-A4D4-9D8C1F21F2C7}.Release|x64.ActiveCfg = Release|Any CPU
		{46D461B5-6FA3-4877-A4D4-9D8C1F21F2C7}.Release|x64.Build.0 = Release|Any CPU
		{797CADC6-06A9-4E50-86FF-E2993CFCF8E5}.Debug|Any CPU.ActiveCfg = Debug|Any CPU
		{797CADC6-06A9-4E50-86FF-E2993CFCF8E5}.Debug|Any CPU.Build.0 = Debug|Any CPU
		{797CADC6-06A9-4E50-86FF-E2993CFCF8E5}.Debug|x64.ActiveCfg = Debug|Any CPU
		{797CADC6-06A9-4E50-86FF-E2993CFCF8E5}.Debug|x64.Build.0 = Debug|Any CPU
		{797CADC6-06A9-4E50-86FF-E2993CFCF8E5}.Release|Any CPU.ActiveCfg = Release|Any CPU
		{797CADC6-06A9-4E50-86FF-E2993CFCF8E5}.Release|Any CPU.Build.0 = Release|Any CPU
		{797CADC6-06A9-4E50-86FF-E2993CFCF8E5}.Release|x64.ActiveCfg = Release|Any CPU
		{797CADC6-06A9-4E50-86FF-E2993CFCF8E5}.Release|x64.Build.0 = Release|Any CPU
	EndGlobalSection
	GlobalSection(SolutionProperties) = preSolution
		HideSolutionNode = FALSE
	EndGlobalSection
	GlobalSection(ExtensibilityGlobals) = postSolution
		SolutionGuid = {7E9C0543-58E3-4745-AFC1-0BF303A4B24E}
	EndGlobalSection
EndGlobal
