
Microsoft Visual Studio Solution File, Format Version 12.00
# Visual Studio Version 17
VisualStudioVersion = 17.0.31912.275
MinimumVisualStudioVersion = 10.0.40219.1
Project("{9A19103F-16F7-4668-BE54-9A1E7A4F7556}") = "Shared", "Shared\Shared.csproj", "{477FD6B7-D7A8-4EFA-B5A5-AA700FAECB80}"
EndProject
Project("{9A19103F-16F7-4668-BE54-9A1E7A4F7556}") = "ControlProviders", "ControlProviders\ControlProviders.csproj", "{FABECDC8-68C5-46D2-8D3A-84FDD36293C3}"
EndProject
Project("{9A19103F-16F7-4668-BE54-9A1E7A4F7556}") = "Listeners", "Listeners\Listeners.csproj", "{1A4B2ACB-1ED1-4146-B2DC-7EE50CA80797}"
EndProject
Project("{9A19103F-16F7-4668-BE54-9A1E7A4F7556}") = "Web", "Web\Web.csproj", "{65364FAB-64F4-4ACF-BEEF-F34E03486E06}"
EndProject
Project("{9A19103F-16F7-4668-BE54-9A1E7A4F7556}") = "ApiControllers", "ApiControllers\ApiControllers.csproj", "{508AC867-4A87-458D-BA6B-3BB6F1CD82AF}"
EndProject
Project("{9A19103F-16F7-4668-BE54-9A1E7A4F7556}") = "MainApp", "EntryPoints\WindowsEntryPoint\MainApp.csproj", "{415B78B5-812F-4B4C-BF05-25AC78E1A034}"
EndProject
Project("{9A19103F-16F7-4668-BE54-9A1E7A4F7556}") = "UnitTests", "Tests\UnitTests.csproj", "{1323904A-8699-4410-8874-CE1F830D84C7}"
EndProject
Project("{9A19103F-16F7-4668-BE54-9A1E7A4F7556}") = "Servers", "Servers\Servers.csproj", "{9022D531-CCF6-4F0B-BC8A-2809C3F29BFB}"
EndProject
Project("{9A19103F-16F7-4668-BE54-9A1E7A4F7556}") = "MainUI", "MainForm\MainUI.csproj", "{DB85D866-CC20-4897-9022-7EAAB5767940}"
EndProject
Global
	GlobalSection(SolutionConfigurationPlatforms) = preSolution
		Debug|Any CPU = Debug|Any CPU
		Debug|ARM = Debug|ARM
		Debug|ARM64 = Debug|ARM64
		Debug|x64 = Debug|x64
		Debug|x86 = Debug|x86
		Release|Any CPU = Release|Any CPU
		Release|ARM = Release|ARM
		Release|ARM64 = Release|ARM64
		Release|x64 = Release|x64
		Release|x86 = Release|x86
	EndGlobalSection
	GlobalSection(ProjectConfigurationPlatforms) = postSolution
		{477FD6B7-D7A8-4EFA-B5A5-AA700FAECB80}.Debug|Any CPU.ActiveCfg = Debug|Any CPU
		{477FD6B7-D7A8-4EFA-B5A5-AA700FAECB80}.Debug|Any CPU.Build.0 = Debug|Any CPU
		{477FD6B7-D7A8-4EFA-B5A5-AA700FAECB80}.Debug|ARM.ActiveCfg = Debug|Any CPU
		{477FD6B7-D7A8-4EFA-B5A5-AA700FAECB80}.Debug|ARM.Build.0 = Debug|Any CPU
		{477FD6B7-D7A8-4EFA-B5A5-AA700FAECB80}.Debug|ARM64.ActiveCfg = Debug|Any CPU
		{477FD6B7-D7A8-4EFA-B5A5-AA700FAECB80}.Debug|ARM64.Build.0 = Debug|Any CPU
		{477FD6B7-D7A8-4EFA-B5A5-AA700FAECB80}.Debug|x64.ActiveCfg = Debug|Any CPU
		{477FD6B7-D7A8-4EFA-B5A5-AA700FAECB80}.Debug|x64.Build.0 = Debug|Any CPU
		{477FD6B7-D7A8-4EFA-B5A5-AA700FAECB80}.Debug|x86.ActiveCfg = Debug|Any CPU
		{477FD6B7-D7A8-4EFA-B5A5-AA700FAECB80}.Debug|x86.Build.0 = Debug|Any CPU
		{477FD6B7-D7A8-4EFA-B5A5-AA700FAECB80}.Release|Any CPU.ActiveCfg = Release|Any CPU
		{477FD6B7-D7A8-4EFA-B5A5-AA700FAECB80}.Release|Any CPU.Build.0 = Release|Any CPU
		{477FD6B7-D7A8-4EFA-B5A5-AA700FAECB80}.Release|ARM.ActiveCfg = Release|Any CPU
		{477FD6B7-D7A8-4EFA-B5A5-AA700FAECB80}.Release|ARM.Build.0 = Release|Any CPU
		{477FD6B7-D7A8-4EFA-B5A5-AA700FAECB80}.Release|ARM64.ActiveCfg = Release|Any CPU
		{477FD6B7-D7A8-4EFA-B5A5-AA700FAECB80}.Release|ARM64.Build.0 = Release|Any CPU
		{477FD6B7-D7A8-4EFA-B5A5-AA700FAECB80}.Release|x64.ActiveCfg = Release|Any CPU
		{477FD6B7-D7A8-4EFA-B5A5-AA700FAECB80}.Release|x64.Build.0 = Release|Any CPU
		{477FD6B7-D7A8-4EFA-B5A5-AA700FAECB80}.Release|x86.ActiveCfg = Release|Any CPU
		{477FD6B7-D7A8-4EFA-B5A5-AA700FAECB80}.Release|x86.Build.0 = Release|Any CPU
		{FABECDC8-68C5-46D2-8D3A-84FDD36293C3}.Debug|Any CPU.ActiveCfg = Debug|Any CPU
		{FABECDC8-68C5-46D2-8D3A-84FDD36293C3}.Debug|Any CPU.Build.0 = Debug|Any CPU
		{FABECDC8-68C5-46D2-8D3A-84FDD36293C3}.Debug|ARM.ActiveCfg = Debug|Any CPU
		{FABECDC8-68C5-46D2-8D3A-84FDD36293C3}.Debug|ARM.Build.0 = Debug|Any CPU
		{FABECDC8-68C5-46D2-8D3A-84FDD36293C3}.Debug|ARM64.ActiveCfg = Debug|Any CPU
		{FABECDC8-68C5-46D2-8D3A-84FDD36293C3}.Debug|ARM64.Build.0 = Debug|Any CPU
		{FABECDC8-68C5-46D2-8D3A-84FDD36293C3}.Debug|x64.ActiveCfg = Debug|Any CPU
		{FABECDC8-68C5-46D2-8D3A-84FDD36293C3}.Debug|x64.Build.0 = Debug|Any CPU
		{FABECDC8-68C5-46D2-8D3A-84FDD36293C3}.Debug|x86.ActiveCfg = Debug|Any CPU
		{FABECDC8-68C5-46D2-8D3A-84FDD36293C3}.Debug|x86.Build.0 = Debug|Any CPU
		{FABECDC8-68C5-46D2-8D3A-84FDD36293C3}.Release|Any CPU.ActiveCfg = Release|Any CPU
		{FABECDC8-68C5-46D2-8D3A-84FDD36293C3}.Release|Any CPU.Build.0 = Release|Any CPU
		{FABECDC8-68C5-46D2-8D3A-84FDD36293C3}.Release|ARM.ActiveCfg = Release|Any CPU
		{FABECDC8-68C5-46D2-8D3A-84FDD36293C3}.Release|ARM.Build.0 = Release|Any CPU
		{FABECDC8-68C5-46D2-8D3A-84FDD36293C3}.Release|ARM64.ActiveCfg = Release|Any CPU
		{FABECDC8-68C5-46D2-8D3A-84FDD36293C3}.Release|ARM64.Build.0 = Release|Any CPU
		{FABECDC8-68C5-46D2-8D3A-84FDD36293C3}.Release|x64.ActiveCfg = Release|Any CPU
		{FABECDC8-68C5-46D2-8D3A-84FDD36293C3}.Release|x64.Build.0 = Release|Any CPU
		{FABECDC8-68C5-46D2-8D3A-84FDD36293C3}.Release|x86.ActiveCfg = Release|Any CPU
		{FABECDC8-68C5-46D2-8D3A-84FDD36293C3}.Release|x86.Build.0 = Release|Any CPU
		{1A4B2ACB-1ED1-4146-B2DC-7EE50CA80797}.Debug|Any CPU.ActiveCfg = Debug|Any CPU
		{1A4B2ACB-1ED1-4146-B2DC-7EE50CA80797}.Debug|Any CPU.Build.0 = Debug|Any CPU
		{1A4B2ACB-1ED1-4146-B2DC-7EE50CA80797}.Debug|ARM.ActiveCfg = Debug|Any CPU
		{1A4B2ACB-1ED1-4146-B2DC-7EE50CA80797}.Debug|ARM.Build.0 = Debug|Any CPU
		{1A4B2ACB-1ED1-4146-B2DC-7EE50CA80797}.Debug|ARM64.ActiveCfg = Debug|Any CPU
		{1A4B2ACB-1ED1-4146-B2DC-7EE50CA80797}.Debug|ARM64.Build.0 = Debug|Any CPU
		{1A4B2ACB-1ED1-4146-B2DC-7EE50CA80797}.Debug|x64.ActiveCfg = Debug|Any CPU
		{1A4B2ACB-1ED1-4146-B2DC-7EE50CA80797}.Debug|x64.Build.0 = Debug|Any CPU
		{1A4B2ACB-1ED1-4146-B2DC-7EE50CA80797}.Debug|x86.ActiveCfg = Debug|Any CPU
		{1A4B2ACB-1ED1-4146-B2DC-7EE50CA80797}.Debug|x86.Build.0 = Debug|Any CPU
		{1A4B2ACB-1ED1-4146-B2DC-7EE50CA80797}.Release|Any CPU.ActiveCfg = Release|Any CPU
		{1A4B2ACB-1ED1-4146-B2DC-7EE50CA80797}.Release|Any CPU.Build.0 = Release|Any CPU
		{1A4B2ACB-1ED1-4146-B2DC-7EE50CA80797}.Release|ARM.ActiveCfg = Release|Any CPU
		{1A4B2ACB-1ED1-4146-B2DC-7EE50CA80797}.Release|ARM.Build.0 = Release|Any CPU
		{1A4B2ACB-1ED1-4146-B2DC-7EE50CA80797}.Release|ARM64.ActiveCfg = Release|Any CPU
		{1A4B2ACB-1ED1-4146-B2DC-7EE50CA80797}.Release|ARM64.Build.0 = Release|Any CPU
		{1A4B2ACB-1ED1-4146-B2DC-7EE50CA80797}.Release|x64.ActiveCfg = Release|Any CPU
		{1A4B2ACB-1ED1-4146-B2DC-7EE50CA80797}.Release|x64.Build.0 = Release|Any CPU
		{1A4B2ACB-1ED1-4146-B2DC-7EE50CA80797}.Release|x86.ActiveCfg = Release|Any CPU
		{1A4B2ACB-1ED1-4146-B2DC-7EE50CA80797}.Release|x86.Build.0 = Release|Any CPU
		{65364FAB-64F4-4ACF-BEEF-F34E03486E06}.Debug|Any CPU.ActiveCfg = Debug|Any CPU
		{65364FAB-64F4-4ACF-BEEF-F34E03486E06}.Debug|Any CPU.Build.0 = Debug|Any CPU
		{65364FAB-64F4-4ACF-BEEF-F34E03486E06}.Debug|ARM.ActiveCfg = Debug|Any CPU
		{65364FAB-64F4-4ACF-BEEF-F34E03486E06}.Debug|ARM.Build.0 = Debug|Any CPU
		{65364FAB-64F4-4ACF-BEEF-F34E03486E06}.Debug|ARM64.ActiveCfg = Debug|Any CPU
		{65364FAB-64F4-4ACF-BEEF-F34E03486E06}.Debug|ARM64.Build.0 = Debug|Any CPU
		{65364FAB-64F4-4ACF-BEEF-F34E03486E06}.Debug|x64.ActiveCfg = Debug|Any CPU
		{65364FAB-64F4-4ACF-BEEF-F34E03486E06}.Debug|x64.Build.0 = Debug|Any CPU
		{65364FAB-64F4-4ACF-BEEF-F34E03486E06}.Debug|x86.ActiveCfg = Debug|Any CPU
		{65364FAB-64F4-4ACF-BEEF-F34E03486E06}.Debug|x86.Build.0 = Debug|Any CPU
		{65364FAB-64F4-4ACF-BEEF-F34E03486E06}.Release|Any CPU.ActiveCfg = Release|Any CPU
		{65364FAB-64F4-4ACF-BEEF-F34E03486E06}.Release|Any CPU.Build.0 = Release|Any CPU
		{65364FAB-64F4-4ACF-BEEF-F34E03486E06}.Release|ARM.ActiveCfg = Release|Any CPU
		{65364FAB-64F4-4ACF-BEEF-F34E03486E06}.Release|ARM.Build.0 = Release|Any CPU
		{65364FAB-64F4-4ACF-BEEF-F34E03486E06}.Release|ARM64.ActiveCfg = Release|Any CPU
		{65364FAB-64F4-4ACF-BEEF-F34E03486E06}.Release|ARM64.Build.0 = Release|Any CPU
		{65364FAB-64F4-4ACF-BEEF-F34E03486E06}.Release|x64.ActiveCfg = Release|Any CPU
		{65364FAB-64F4-4ACF-BEEF-F34E03486E06}.Release|x64.Build.0 = Release|Any CPU
		{65364FAB-64F4-4ACF-BEEF-F34E03486E06}.Release|x86.ActiveCfg = Release|Any CPU
		{65364FAB-64F4-4ACF-BEEF-F34E03486E06}.Release|x86.Build.0 = Release|Any CPU
		{508AC867-4A87-458D-BA6B-3BB6F1CD82AF}.Debug|Any CPU.ActiveCfg = Debug|Any CPU
		{508AC867-4A87-458D-BA6B-3BB6F1CD82AF}.Debug|Any CPU.Build.0 = Debug|Any CPU
		{508AC867-4A87-458D-BA6B-3BB6F1CD82AF}.Debug|ARM.ActiveCfg = Debug|Any CPU
		{508AC867-4A87-458D-BA6B-3BB6F1CD82AF}.Debug|ARM.Build.0 = Debug|Any CPU
		{508AC867-4A87-458D-BA6B-3BB6F1CD82AF}.Debug|ARM64.ActiveCfg = Debug|Any CPU
		{508AC867-4A87-458D-BA6B-3BB6F1CD82AF}.Debug|ARM64.Build.0 = Debug|Any CPU
		{508AC867-4A87-458D-BA6B-3BB6F1CD82AF}.Debug|x64.ActiveCfg = Debug|Any CPU
		{508AC867-4A87-458D-BA6B-3BB6F1CD82AF}.Debug|x64.Build.0 = Debug|Any CPU
		{508AC867-4A87-458D-BA6B-3BB6F1CD82AF}.Debug|x86.ActiveCfg = Debug|Any CPU
		{508AC867-4A87-458D-BA6B-3BB6F1CD82AF}.Debug|x86.Build.0 = Debug|Any CPU
		{508AC867-4A87-458D-BA6B-3BB6F1CD82AF}.Release|Any CPU.ActiveCfg = Release|Any CPU
		{508AC867-4A87-458D-BA6B-3BB6F1CD82AF}.Release|Any CPU.Build.0 = Release|Any CPU
		{508AC867-4A87-458D-BA6B-3BB6F1CD82AF}.Release|ARM.ActiveCfg = Release|Any CPU
		{508AC867-4A87-458D-BA6B-3BB6F1CD82AF}.Release|ARM.Build.0 = Release|Any CPU
		{508AC867-4A87-458D-BA6B-3BB6F1CD82AF}.Release|ARM64.ActiveCfg = Release|Any CPU
		{508AC867-4A87-458D-BA6B-3BB6F1CD82AF}.Release|ARM64.Build.0 = Release|Any CPU
		{508AC867-4A87-458D-BA6B-3BB6F1CD82AF}.Release|x64.ActiveCfg = Release|Any CPU
		{508AC867-4A87-458D-BA6B-3BB6F1CD82AF}.Release|x64.Build.0 = Release|Any CPU
		{508AC867-4A87-458D-BA6B-3BB6F1CD82AF}.Release|x86.ActiveCfg = Release|Any CPU
		{508AC867-4A87-458D-BA6B-3BB6F1CD82AF}.Release|x86.Build.0 = Release|Any CPU
		{415B78B5-812F-4B4C-BF05-25AC78E1A034}.Debug|Any CPU.ActiveCfg = Debug|Any CPU
		{415B78B5-812F-4B4C-BF05-25AC78E1A034}.Debug|Any CPU.Build.0 = Debug|Any CPU
		{415B78B5-812F-4B4C-BF05-25AC78E1A034}.Debug|ARM.ActiveCfg = Debug|Any CPU
		{415B78B5-812F-4B4C-BF05-25AC78E1A034}.Debug|ARM.Build.0 = Debug|Any CPU
		{415B78B5-812F-4B4C-BF05-25AC78E1A034}.Debug|ARM64.ActiveCfg = Debug|Any CPU
		{415B78B5-812F-4B4C-BF05-25AC78E1A034}.Debug|ARM64.Build.0 = Debug|Any CPU
		{415B78B5-812F-4B4C-BF05-25AC78E1A034}.Debug|x64.ActiveCfg = Debug|Any CPU
		{415B78B5-812F-4B4C-BF05-25AC78E1A034}.Debug|x64.Build.0 = Debug|Any CPU
		{415B78B5-812F-4B4C-BF05-25AC78E1A034}.Debug|x86.ActiveCfg = Debug|Any CPU
		{415B78B5-812F-4B4C-BF05-25AC78E1A034}.Debug|x86.Build.0 = Debug|Any CPU
		{415B78B5-812F-4B4C-BF05-25AC78E1A034}.Release|Any CPU.ActiveCfg = Release|Any CPU
		{415B78B5-812F-4B4C-BF05-25AC78E1A034}.Release|Any CPU.Build.0 = Release|Any CPU
		{415B78B5-812F-4B4C-BF05-25AC78E1A034}.Release|ARM.ActiveCfg = Release|Any CPU
		{415B78B5-812F-4B4C-BF05-25AC78E1A034}.Release|ARM.Build.0 = Release|Any CPU
		{415B78B5-812F-4B4C-BF05-25AC78E1A034}.Release|ARM64.ActiveCfg = Release|Any CPU
		{415B78B5-812F-4B4C-BF05-25AC78E1A034}.Release|ARM64.Build.0 = Release|Any CPU
		{415B78B5-812F-4B4C-BF05-25AC78E1A034}.Release|x64.ActiveCfg = Release|Any CPU
		{415B78B5-812F-4B4C-BF05-25AC78E1A034}.Release|x64.Build.0 = Release|Any CPU
		{415B78B5-812F-4B4C-BF05-25AC78E1A034}.Release|x86.ActiveCfg = Release|Any CPU
		{415B78B5-812F-4B4C-BF05-25AC78E1A034}.Release|x86.Build.0 = Release|Any CPU
		{1323904A-8699-4410-8874-CE1F830D84C7}.Debug|Any CPU.ActiveCfg = Debug|Any CPU
		{1323904A-8699-4410-8874-CE1F830D84C7}.Debug|Any CPU.Build.0 = Debug|Any CPU
		{1323904A-8699-4410-8874-CE1F830D84C7}.Debug|ARM.ActiveCfg = Debug|Any CPU
		{1323904A-8699-4410-8874-CE1F830D84C7}.Debug|ARM.Build.0 = Debug|Any CPU
		{1323904A-8699-4410-8874-CE1F830D84C7}.Debug|ARM64.ActiveCfg = Debug|Any CPU
		{1323904A-8699-4410-8874-CE1F830D84C7}.Debug|ARM64.Build.0 = Debug|Any CPU
		{1323904A-8699-4410-8874-CE1F830D84C7}.Debug|x64.ActiveCfg = Debug|Any CPU
		{1323904A-8699-4410-8874-CE1F830D84C7}.Debug|x64.Build.0 = Debug|Any CPU
		{1323904A-8699-4410-8874-CE1F830D84C7}.Debug|x86.ActiveCfg = Debug|Any CPU
		{1323904A-8699-4410-8874-CE1F830D84C7}.Debug|x86.Build.0 = Debug|Any CPU
		{1323904A-8699-4410-8874-CE1F830D84C7}.Release|Any CPU.ActiveCfg = Release|Any CPU
		{1323904A-8699-4410-8874-CE1F830D84C7}.Release|Any CPU.Build.0 = Release|Any CPU
		{1323904A-8699-4410-8874-CE1F830D84C7}.Release|ARM.ActiveCfg = Release|Any CPU
		{1323904A-8699-4410-8874-CE1F830D84C7}.Release|ARM.Build.0 = Release|Any CPU
		{1323904A-8699-4410-8874-CE1F830D84C7}.Release|ARM64.ActiveCfg = Release|Any CPU
		{1323904A-8699-4410-8874-CE1F830D84C7}.Release|ARM64.Build.0 = Release|Any CPU
		{1323904A-8699-4410-8874-CE1F830D84C7}.Release|x64.ActiveCfg = Release|Any CPU
		{1323904A-8699-4410-8874-CE1F830D84C7}.Release|x64.Build.0 = Release|Any CPU
		{1323904A-8699-4410-8874-CE1F830D84C7}.Release|x86.ActiveCfg = Release|Any CPU
		{1323904A-8699-4410-8874-CE1F830D84C7}.Release|x86.Build.0 = Release|Any CPU
		{9022D531-CCF6-4F0B-BC8A-2809C3F29BFB}.Debug|Any CPU.ActiveCfg = Debug|Any CPU
		{9022D531-CCF6-4F0B-BC8A-2809C3F29BFB}.Debug|Any CPU.Build.0 = Debug|Any CPU
		{9022D531-CCF6-4F0B-BC8A-2809C3F29BFB}.Debug|ARM.ActiveCfg = Debug|Any CPU
		{9022D531-CCF6-4F0B-BC8A-2809C3F29BFB}.Debug|ARM.Build.0 = Debug|Any CPU
		{9022D531-CCF6-4F0B-BC8A-2809C3F29BFB}.Debug|ARM64.ActiveCfg = Debug|Any CPU
		{9022D531-CCF6-4F0B-BC8A-2809C3F29BFB}.Debug|ARM64.Build.0 = Debug|Any CPU
		{9022D531-CCF6-4F0B-BC8A-2809C3F29BFB}.Debug|x64.ActiveCfg = Debug|Any CPU
		{9022D531-CCF6-4F0B-BC8A-2809C3F29BFB}.Debug|x64.Build.0 = Debug|Any CPU
		{9022D531-CCF6-4F0B-BC8A-2809C3F29BFB}.Debug|x86.ActiveCfg = Debug|Any CPU
		{9022D531-CCF6-4F0B-BC8A-2809C3F29BFB}.Debug|x86.Build.0 = Debug|Any CPU
		{9022D531-CCF6-4F0B-BC8A-2809C3F29BFB}.Release|Any CPU.ActiveCfg = Release|Any CPU
		{9022D531-CCF6-4F0B-BC8A-2809C3F29BFB}.Release|Any CPU.Build.0 = Release|Any CPU
		{9022D531-CCF6-4F0B-BC8A-2809C3F29BFB}.Release|ARM.ActiveCfg = Release|Any CPU
		{9022D531-CCF6-4F0B-BC8A-2809C3F29BFB}.Release|ARM.Build.0 = Release|Any CPU
		{9022D531-CCF6-4F0B-BC8A-2809C3F29BFB}.Release|ARM64.ActiveCfg = Release|Any CPU
		{9022D531-CCF6-4F0B-BC8A-2809C3F29BFB}.Release|ARM64.Build.0 = Release|Any CPU
		{9022D531-CCF6-4F0B-BC8A-2809C3F29BFB}.Release|x64.ActiveCfg = Release|Any CPU
		{9022D531-CCF6-4F0B-BC8A-2809C3F29BFB}.Release|x64.Build.0 = Release|Any CPU
		{9022D531-CCF6-4F0B-BC8A-2809C3F29BFB}.Release|x86.ActiveCfg = Release|Any CPU
		{9022D531-CCF6-4F0B-BC8A-2809C3F29BFB}.Release|x86.Build.0 = Release|Any CPU
		{DB85D866-CC20-4897-9022-7EAAB5767940}.Debug|Any CPU.ActiveCfg = Debug|Any CPU
		{DB85D866-CC20-4897-9022-7EAAB5767940}.Debug|Any CPU.Build.0 = Debug|Any CPU
		{DB85D866-CC20-4897-9022-7EAAB5767940}.Debug|ARM.ActiveCfg = Debug|Any CPU
		{DB85D866-CC20-4897-9022-7EAAB5767940}.Debug|ARM.Build.0 = Debug|Any CPU
		{DB85D866-CC20-4897-9022-7EAAB5767940}.Debug|ARM64.ActiveCfg = Debug|Any CPU
		{DB85D866-CC20-4897-9022-7EAAB5767940}.Debug|ARM64.Build.0 = Debug|Any CPU
		{DB85D866-CC20-4897-9022-7EAAB5767940}.Debug|x64.ActiveCfg = Debug|Any CPU
		{DB85D866-CC20-4897-9022-7EAAB5767940}.Debug|x64.Build.0 = Debug|Any CPU
		{DB85D866-CC20-4897-9022-7EAAB5767940}.Debug|x86.ActiveCfg = Debug|Any CPU
		{DB85D866-CC20-4897-9022-7EAAB5767940}.Debug|x86.Build.0 = Debug|Any CPU
		{DB85D866-CC20-4897-9022-7EAAB5767940}.Release|Any CPU.ActiveCfg = Release|Any CPU
		{DB85D866-CC20-4897-9022-7EAAB5767940}.Release|Any CPU.Build.0 = Release|Any CPU
		{DB85D866-CC20-4897-9022-7EAAB5767940}.Release|ARM.ActiveCfg = Release|Any CPU
		{DB85D866-CC20-4897-9022-7EAAB5767940}.Release|ARM.Build.0 = Release|Any CPU
		{DB85D866-CC20-4897-9022-7EAAB5767940}.Release|ARM64.ActiveCfg = Release|Any CPU
		{DB85D866-CC20-4897-9022-7EAAB5767940}.Release|ARM64.Build.0 = Release|Any CPU
		{DB85D866-CC20-4897-9022-7EAAB5767940}.Release|x64.ActiveCfg = Release|Any CPU
		{DB85D866-CC20-4897-9022-7EAAB5767940}.Release|x64.Build.0 = Release|Any CPU
		{DB85D866-CC20-4897-9022-7EAAB5767940}.Release|x86.ActiveCfg = Release|Any CPU
		{DB85D866-CC20-4897-9022-7EAAB5767940}.Release|x86.Build.0 = Release|Any CPU
	EndGlobalSection
	GlobalSection(SolutionProperties) = preSolution
		HideSolutionNode = FALSE
	EndGlobalSection
	GlobalSection(ExtensibilityGlobals) = postSolution
		SolutionGuid = {7E9C0543-58E3-4745-AFC1-0BF303A4B24E}
	EndGlobalSection
EndGlobal
