
Microsoft Visual Studio Solution File, Format Version 12.00
# Visual Studio Version 17
VisualStudioVersion = 17.0.31912.275
MinimumVisualStudioVersion = 10.0.40219.1
Project("{9A19103F-16F7-4668-BE54-9A1E7A4F7556}") = "Autostart", "Autostart\Autostart.csproj", "{282B67BA-21CE-4390-A94D-C61D59EA9B96}"
EndProject
Project("{9A19103F-16F7-4668-BE54-9A1E7A4F7556}") = "Logging", "Logging\Logging.csproj", "{C8647702-40D4-4C7D-9190-2A7313137A59}"
EndProject
Project("{9A19103F-16F7-4668-BE54-9A1E7A4F7556}") = "Shared", "Shared\Shared.csproj", "{477FD6B7-D7A8-4EFA-B5A5-AA700FAECB80}"
EndProject
Project("{9A19103F-16F7-4668-BE54-9A1E7A4F7556}") = "ConfigProviders", "ConfigProviders\ConfigProviders.csproj", "{7A690186-0D45-4AA8-B979-68419525E986}"
EndProject
Project("{9A19103F-16F7-4668-BE54-9A1E7A4F7556}") = "ControlProviders", "ControlProviders\ControlProviders.csproj", "{FABECDC8-68C5-46D2-8D3A-84FDD36293C3}"
EndProject
Project("{9A19103F-16F7-4668-BE54-9A1E7A4F7556}") = "Listeners", "Listeners\Listeners.csproj", "{1A4B2ACB-1ED1-4146-B2DC-7EE50CA80797}"
EndProject
Project("{9A19103F-16F7-4668-BE54-9A1E7A4F7556}") = "Web", "Web\Web.csproj", "{65364FAB-64F4-4ACF-BEEF-F34E03486E06}"
EndProject
Project("{2150E333-8FDC-42A3-9474-1A3956D46DE8}") = "ControlProcessors", "ControlProcessors", "{3AEE3F6E-4EEA-406C-B573-84FFB48041AA}"
EndProject
Project("{2150E333-8FDC-42A3-9474-1A3956D46DE8}") = "UIs", "UIs", "{3E835174-B8BC-4646-9D6B-DB76A93D609E}"
EndProject
Project("{2150E333-8FDC-42A3-9474-1A3956D46DE8}") = "EntryPoints", "EntryPoints", "{AB452149-3967-40C1-92A2-E0CE199B7869}"
EndProject
Project("{9A19103F-16F7-4668-BE54-9A1E7A4F7556}") = "ApiControllers", "ApiControllers\ApiControllers.csproj", "{508AC867-4A87-458D-BA6B-3BB6F1CD82AF}"
EndProject
Project("{9A19103F-16F7-4668-BE54-9A1E7A4F7556}") = "Bots", "ControlProcessors\Bots\Bots.csproj", "{75C22D41-4932-435D-ACD6-9AE16494A0B4}"
EndProject
Project("{9A19103F-16F7-4668-BE54-9A1E7A4F7556}") = "Servers", "ControlProcessors\Servers\Servers.csproj", "{C07EB0EB-50B4-4B67-B42E-D85A856FAFD2}"
EndProject
Project("{9A19103F-16F7-4668-BE54-9A1E7A4F7556}") = "ConsoleUI", "UIs\ConsoleUI\ConsoleUI.csproj", "{5B7F1E36-C3E0-454A-81F8-1F9A41A1498B}"
EndProject
Project("{9A19103F-16F7-4668-BE54-9A1E7A4F7556}") = "WinFormsUI", "UIs\WinFormsUI\WinFormsUI.csproj", "{A1D47BCB-1C15-47C7-8064-044D64004696}"
EndProject
Project("{9A19103F-16F7-4668-BE54-9A1E7A4F7556}") = "WindowsEntryPoint", "EntryPoints\WindowsEntryPoint\WindowsEntryPoint.csproj", "{415B78B5-812F-4B4C-BF05-25AC78E1A034}"
EndProject
Project("{9A19103F-16F7-4668-BE54-9A1E7A4F7556}") = "LinuxEntryPoint", "EntryPoints\LinuxEntryPoint\LinuxEntryPoint.csproj", "{DF2A32AB-F5C8-44DB-BA22-FE38FE85C904}"
EndProject
Project("{9A19103F-16F7-4668-BE54-9A1E7A4F7556}") = "RemoteControlMain", "EntryPoints\RemoteControlMain\RemoteControlMain.csproj", "{6A8CF6EC-E1F8-43D9-B8E8-D8C84021EF74}"
EndProject
Project("{9A19103F-16F7-4668-BE54-9A1E7A4F7556}") = "WinUIUI", "UIs\WinUIUI\WinUIUI.csproj", "{8B072057-D520-462A-B737-2CD7BC3B8309}"
EndProject
Project("{9A19103F-16F7-4668-BE54-9A1E7A4F7556}") = "UnitTests", "Tests\UnitTests.csproj", "{1323904A-8699-4410-8874-CE1F830D84C7}"
EndProject
Global
	GlobalSection(SolutionConfigurationPlatforms) = preSolution
		Debug|Any CPU = Debug|Any CPU
		Debug|ARM = Debug|ARM
		Debug|ARM64 = Debug|ARM64
		Debug|x64 = Debug|x64
		Debug|x86 = Debug|x86
		Release|Any CPU = Release|Any CPU
		Release|ARM = Release|ARM
		Release|ARM64 = Release|ARM64
		Release|x64 = Release|x64
		Release|x86 = Release|x86
	EndGlobalSection
	GlobalSection(ProjectConfigurationPlatforms) = postSolution
		{282B67BA-21CE-4390-A94D-C61D59EA9B96}.Debug|Any CPU.ActiveCfg = Debug|Any CPU
		{282B67BA-21CE-4390-A94D-C61D59EA9B96}.Debug|Any CPU.Build.0 = Debug|Any CPU
		{282B67BA-21CE-4390-A94D-C61D59EA9B96}.Debug|ARM.ActiveCfg = Debug|Any CPU
		{282B67BA-21CE-4390-A94D-C61D59EA9B96}.Debug|ARM.Build.0 = Debug|Any CPU
		{282B67BA-21CE-4390-A94D-C61D59EA9B96}.Debug|ARM64.ActiveCfg = Debug|Any CPU
		{282B67BA-21CE-4390-A94D-C61D59EA9B96}.Debug|ARM64.Build.0 = Debug|Any CPU
		{282B67BA-21CE-4390-A94D-C61D59EA9B96}.Debug|x64.ActiveCfg = Debug|Any CPU
		{282B67BA-21CE-4390-A94D-C61D59EA9B96}.Debug|x64.Build.0 = Debug|Any CPU
		{282B67BA-21CE-4390-A94D-C61D59EA9B96}.Debug|x86.ActiveCfg = Debug|Any CPU
		{282B67BA-21CE-4390-A94D-C61D59EA9B96}.Debug|x86.Build.0 = Debug|Any CPU
		{282B67BA-21CE-4390-A94D-C61D59EA9B96}.Release|Any CPU.ActiveCfg = Release|Any CPU
		{282B67BA-21CE-4390-A94D-C61D59EA9B96}.Release|Any CPU.Build.0 = Release|Any CPU
		{282B67BA-21CE-4390-A94D-C61D59EA9B96}.Release|ARM.ActiveCfg = Release|Any CPU
		{282B67BA-21CE-4390-A94D-C61D59EA9B96}.Release|ARM.Build.0 = Release|Any CPU
		{282B67BA-21CE-4390-A94D-C61D59EA9B96}.Release|ARM64.ActiveCfg = Release|Any CPU
		{282B67BA-21CE-4390-A94D-C61D59EA9B96}.Release|ARM64.Build.0 = Release|Any CPU
		{282B67BA-21CE-4390-A94D-C61D59EA9B96}.Release|x64.ActiveCfg = Release|Any CPU
		{282B67BA-21CE-4390-A94D-C61D59EA9B96}.Release|x64.Build.0 = Release|Any CPU
		{282B67BA-21CE-4390-A94D-C61D59EA9B96}.Release|x86.ActiveCfg = Release|Any CPU
		{282B67BA-21CE-4390-A94D-C61D59EA9B96}.Release|x86.Build.0 = Release|Any CPU
		{C8647702-40D4-4C7D-9190-2A7313137A59}.Debug|Any CPU.ActiveCfg = Debug|Any CPU
		{C8647702-40D4-4C7D-9190-2A7313137A59}.Debug|Any CPU.Build.0 = Debug|Any CPU
		{C8647702-40D4-4C7D-9190-2A7313137A59}.Debug|ARM.ActiveCfg = Debug|Any CPU
		{C8647702-40D4-4C7D-9190-2A7313137A59}.Debug|ARM.Build.0 = Debug|Any CPU
		{C8647702-40D4-4C7D-9190-2A7313137A59}.Debug|ARM64.ActiveCfg = Debug|Any CPU
		{C8647702-40D4-4C7D-9190-2A7313137A59}.Debug|ARM64.Build.0 = Debug|Any CPU
		{C8647702-40D4-4C7D-9190-2A7313137A59}.Debug|x64.ActiveCfg = Debug|Any CPU
		{C8647702-40D4-4C7D-9190-2A7313137A59}.Debug|x64.Build.0 = Debug|Any CPU
		{C8647702-40D4-4C7D-9190-2A7313137A59}.Debug|x86.ActiveCfg = Debug|Any CPU
		{C8647702-40D4-4C7D-9190-2A7313137A59}.Debug|x86.Build.0 = Debug|Any CPU
		{C8647702-40D4-4C7D-9190-2A7313137A59}.Release|Any CPU.ActiveCfg = Release|Any CPU
		{C8647702-40D4-4C7D-9190-2A7313137A59}.Release|Any CPU.Build.0 = Release|Any CPU
		{C8647702-40D4-4C7D-9190-2A7313137A59}.Release|ARM.ActiveCfg = Release|Any CPU
		{C8647702-40D4-4C7D-9190-2A7313137A59}.Release|ARM.Build.0 = Release|Any CPU
		{C8647702-40D4-4C7D-9190-2A7313137A59}.Release|ARM64.ActiveCfg = Release|Any CPU
		{C8647702-40D4-4C7D-9190-2A7313137A59}.Release|ARM64.Build.0 = Release|Any CPU
		{C8647702-40D4-4C7D-9190-2A7313137A59}.Release|x64.ActiveCfg = Release|Any CPU
		{C8647702-40D4-4C7D-9190-2A7313137A59}.Release|x64.Build.0 = Release|Any CPU
		{C8647702-40D4-4C7D-9190-2A7313137A59}.Release|x86.ActiveCfg = Release|Any CPU
		{C8647702-40D4-4C7D-9190-2A7313137A59}.Release|x86.Build.0 = Release|Any CPU
		{477FD6B7-D7A8-4EFA-B5A5-AA700FAECB80}.Debug|Any CPU.ActiveCfg = Debug|Any CPU
		{477FD6B7-D7A8-4EFA-B5A5-AA700FAECB80}.Debug|Any CPU.Build.0 = Debug|Any CPU
		{477FD6B7-D7A8-4EFA-B5A5-AA700FAECB80}.Debug|ARM.ActiveCfg = Debug|Any CPU
		{477FD6B7-D7A8-4EFA-B5A5-AA700FAECB80}.Debug|ARM.Build.0 = Debug|Any CPU
		{477FD6B7-D7A8-4EFA-B5A5-AA700FAECB80}.Debug|ARM64.ActiveCfg = Debug|Any CPU
		{477FD6B7-D7A8-4EFA-B5A5-AA700FAECB80}.Debug|ARM64.Build.0 = Debug|Any CPU
		{477FD6B7-D7A8-4EFA-B5A5-AA700FAECB80}.Debug|x64.ActiveCfg = Debug|Any CPU
		{477FD6B7-D7A8-4EFA-B5A5-AA700FAECB80}.Debug|x64.Build.0 = Debug|Any CPU
		{477FD6B7-D7A8-4EFA-B5A5-AA700FAECB80}.Debug|x86.ActiveCfg = Debug|Any CPU
		{477FD6B7-D7A8-4EFA-B5A5-AA700FAECB80}.Debug|x86.Build.0 = Debug|Any CPU
		{477FD6B7-D7A8-4EFA-B5A5-AA700FAECB80}.Release|Any CPU.ActiveCfg = Release|Any CPU
		{477FD6B7-D7A8-4EFA-B5A5-AA700FAECB80}.Release|Any CPU.Build.0 = Release|Any CPU
		{477FD6B7-D7A8-4EFA-B5A5-AA700FAECB80}.Release|ARM.ActiveCfg = Release|Any CPU
		{477FD6B7-D7A8-4EFA-B5A5-AA700FAECB80}.Release|ARM.Build.0 = Release|Any CPU
		{477FD6B7-D7A8-4EFA-B5A5-AA700FAECB80}.Release|ARM64.ActiveCfg = Release|Any CPU
		{477FD6B7-D7A8-4EFA-B5A5-AA700FAECB80}.Release|ARM64.Build.0 = Release|Any CPU
		{477FD6B7-D7A8-4EFA-B5A5-AA700FAECB80}.Release|x64.ActiveCfg = Release|Any CPU
		{477FD6B7-D7A8-4EFA-B5A5-AA700FAECB80}.Release|x64.Build.0 = Release|Any CPU
		{477FD6B7-D7A8-4EFA-B5A5-AA700FAECB80}.Release|x86.ActiveCfg = Release|Any CPU
		{477FD6B7-D7A8-4EFA-B5A5-AA700FAECB80}.Release|x86.Build.0 = Release|Any CPU
		{7A690186-0D45-4AA8-B979-68419525E986}.Debug|Any CPU.ActiveCfg = Debug|Any CPU
		{7A690186-0D45-4AA8-B979-68419525E986}.Debug|Any CPU.Build.0 = Debug|Any CPU
		{7A690186-0D45-4AA8-B979-68419525E986}.Debug|ARM.ActiveCfg = Debug|Any CPU
		{7A690186-0D45-4AA8-B979-68419525E986}.Debug|ARM.Build.0 = Debug|Any CPU
		{7A690186-0D45-4AA8-B979-68419525E986}.Debug|ARM64.ActiveCfg = Debug|Any CPU
		{7A690186-0D45-4AA8-B979-68419525E986}.Debug|ARM64.Build.0 = Debug|Any CPU
		{7A690186-0D45-4AA8-B979-68419525E986}.Debug|x64.ActiveCfg = Debug|Any CPU
		{7A690186-0D45-4AA8-B979-68419525E986}.Debug|x64.Build.0 = Debug|Any CPU
		{7A690186-0D45-4AA8-B979-68419525E986}.Debug|x86.ActiveCfg = Debug|Any CPU
		{7A690186-0D45-4AA8-B979-68419525E986}.Debug|x86.Build.0 = Debug|Any CPU
		{7A690186-0D45-4AA8-B979-68419525E986}.Release|Any CPU.ActiveCfg = Release|Any CPU
		{7A690186-0D45-4AA8-B979-68419525E986}.Release|Any CPU.Build.0 = Release|Any CPU
		{7A690186-0D45-4AA8-B979-68419525E986}.Release|ARM.ActiveCfg = Release|Any CPU
		{7A690186-0D45-4AA8-B979-68419525E986}.Release|ARM.Build.0 = Release|Any CPU
		{7A690186-0D45-4AA8-B979-68419525E986}.Release|ARM64.ActiveCfg = Release|Any CPU
		{7A690186-0D45-4AA8-B979-68419525E986}.Release|ARM64.Build.0 = Release|Any CPU
		{7A690186-0D45-4AA8-B979-68419525E986}.Release|x64.ActiveCfg = Release|Any CPU
		{7A690186-0D45-4AA8-B979-68419525E986}.Release|x64.Build.0 = Release|Any CPU
		{7A690186-0D45-4AA8-B979-68419525E986}.Release|x86.ActiveCfg = Release|Any CPU
		{7A690186-0D45-4AA8-B979-68419525E986}.Release|x86.Build.0 = Release|Any CPU
		{FABECDC8-68C5-46D2-8D3A-84FDD36293C3}.Debug|Any CPU.ActiveCfg = Debug|Any CPU
		{FABECDC8-68C5-46D2-8D3A-84FDD36293C3}.Debug|Any CPU.Build.0 = Debug|Any CPU
		{FABECDC8-68C5-46D2-8D3A-84FDD36293C3}.Debug|ARM.ActiveCfg = Debug|Any CPU
		{FABECDC8-68C5-46D2-8D3A-84FDD36293C3}.Debug|ARM.Build.0 = Debug|Any CPU
		{FABECDC8-68C5-46D2-8D3A-84FDD36293C3}.Debug|ARM64.ActiveCfg = Debug|Any CPU
		{FABECDC8-68C5-46D2-8D3A-84FDD36293C3}.Debug|ARM64.Build.0 = Debug|Any CPU
		{FABECDC8-68C5-46D2-8D3A-84FDD36293C3}.Debug|x64.ActiveCfg = Debug|Any CPU
		{FABECDC8-68C5-46D2-8D3A-84FDD36293C3}.Debug|x64.Build.0 = Debug|Any CPU
		{FABECDC8-68C5-46D2-8D3A-84FDD36293C3}.Debug|x86.ActiveCfg = Debug|Any CPU
		{FABECDC8-68C5-46D2-8D3A-84FDD36293C3}.Debug|x86.Build.0 = Debug|Any CPU
		{FABECDC8-68C5-46D2-8D3A-84FDD36293C3}.Release|Any CPU.ActiveCfg = Release|Any CPU
		{FABECDC8-68C5-46D2-8D3A-84FDD36293C3}.Release|Any CPU.Build.0 = Release|Any CPU
		{FABECDC8-68C5-46D2-8D3A-84FDD36293C3}.Release|ARM.ActiveCfg = Release|Any CPU
		{FABECDC8-68C5-46D2-8D3A-84FDD36293C3}.Release|ARM.Build.0 = Release|Any CPU
		{FABECDC8-68C5-46D2-8D3A-84FDD36293C3}.Release|ARM64.ActiveCfg = Release|Any CPU
		{FABECDC8-68C5-46D2-8D3A-84FDD36293C3}.Release|ARM64.Build.0 = Release|Any CPU
		{FABECDC8-68C5-46D2-8D3A-84FDD36293C3}.Release|x64.ActiveCfg = Release|Any CPU
		{FABECDC8-68C5-46D2-8D3A-84FDD36293C3}.Release|x64.Build.0 = Release|Any CPU
		{FABECDC8-68C5-46D2-8D3A-84FDD36293C3}.Release|x86.ActiveCfg = Release|Any CPU
		{FABECDC8-68C5-46D2-8D3A-84FDD36293C3}.Release|x86.Build.0 = Release|Any CPU
		{1A4B2ACB-1ED1-4146-B2DC-7EE50CA80797}.Debug|Any CPU.ActiveCfg = Debug|Any CPU
		{1A4B2ACB-1ED1-4146-B2DC-7EE50CA80797}.Debug|Any CPU.Build.0 = Debug|Any CPU
		{1A4B2ACB-1ED1-4146-B2DC-7EE50CA80797}.Debug|ARM.ActiveCfg = Debug|Any CPU
		{1A4B2ACB-1ED1-4146-B2DC-7EE50CA80797}.Debug|ARM.Build.0 = Debug|Any CPU
		{1A4B2ACB-1ED1-4146-B2DC-7EE50CA80797}.Debug|ARM64.ActiveCfg = Debug|Any CPU
		{1A4B2ACB-1ED1-4146-B2DC-7EE50CA80797}.Debug|ARM64.Build.0 = Debug|Any CPU
		{1A4B2ACB-1ED1-4146-B2DC-7EE50CA80797}.Debug|x64.ActiveCfg = Debug|Any CPU
		{1A4B2ACB-1ED1-4146-B2DC-7EE50CA80797}.Debug|x64.Build.0 = Debug|Any CPU
		{1A4B2ACB-1ED1-4146-B2DC-7EE50CA80797}.Debug|x86.ActiveCfg = Debug|Any CPU
		{1A4B2ACB-1ED1-4146-B2DC-7EE50CA80797}.Debug|x86.Build.0 = Debug|Any CPU
		{1A4B2ACB-1ED1-4146-B2DC-7EE50CA80797}.Release|Any CPU.ActiveCfg = Release|Any CPU
		{1A4B2ACB-1ED1-4146-B2DC-7EE50CA80797}.Release|Any CPU.Build.0 = Release|Any CPU
		{1A4B2ACB-1ED1-4146-B2DC-7EE50CA80797}.Release|ARM.ActiveCfg = Release|Any CPU
		{1A4B2ACB-1ED1-4146-B2DC-7EE50CA80797}.Release|ARM.Build.0 = Release|Any CPU
		{1A4B2ACB-1ED1-4146-B2DC-7EE50CA80797}.Release|ARM64.ActiveCfg = Release|Any CPU
		{1A4B2ACB-1ED1-4146-B2DC-7EE50CA80797}.Release|ARM64.Build.0 = Release|Any CPU
		{1A4B2ACB-1ED1-4146-B2DC-7EE50CA80797}.Release|x64.ActiveCfg = Release|Any CPU
		{1A4B2ACB-1ED1-4146-B2DC-7EE50CA80797}.Release|x64.Build.0 = Release|Any CPU
		{1A4B2ACB-1ED1-4146-B2DC-7EE50CA80797}.Release|x86.ActiveCfg = Release|Any CPU
		{1A4B2ACB-1ED1-4146-B2DC-7EE50CA80797}.Release|x86.Build.0 = Release|Any CPU
		{65364FAB-64F4-4ACF-BEEF-F34E03486E06}.Debug|Any CPU.ActiveCfg = Debug|Any CPU
		{65364FAB-64F4-4ACF-BEEF-F34E03486E06}.Debug|Any CPU.Build.0 = Debug|Any CPU
		{65364FAB-64F4-4ACF-BEEF-F34E03486E06}.Debug|ARM.ActiveCfg = Debug|Any CPU
		{65364FAB-64F4-4ACF-BEEF-F34E03486E06}.Debug|ARM.Build.0 = Debug|Any CPU
		{65364FAB-64F4-4ACF-BEEF-F34E03486E06}.Debug|ARM64.ActiveCfg = Debug|Any CPU
		{65364FAB-64F4-4ACF-BEEF-F34E03486E06}.Debug|ARM64.Build.0 = Debug|Any CPU
		{65364FAB-64F4-4ACF-BEEF-F34E03486E06}.Debug|x64.ActiveCfg = Debug|Any CPU
		{65364FAB-64F4-4ACF-BEEF-F34E03486E06}.Debug|x64.Build.0 = Debug|Any CPU
		{65364FAB-64F4-4ACF-BEEF-F34E03486E06}.Debug|x86.ActiveCfg = Debug|Any CPU
		{65364FAB-64F4-4ACF-BEEF-F34E03486E06}.Debug|x86.Build.0 = Debug|Any CPU
		{65364FAB-64F4-4ACF-BEEF-F34E03486E06}.Release|Any CPU.ActiveCfg = Release|Any CPU
		{65364FAB-64F4-4ACF-BEEF-F34E03486E06}.Release|Any CPU.Build.0 = Release|Any CPU
		{65364FAB-64F4-4ACF-BEEF-F34E03486E06}.Release|ARM.ActiveCfg = Release|Any CPU
		{65364FAB-64F4-4ACF-BEEF-F34E03486E06}.Release|ARM.Build.0 = Release|Any CPU
		{65364FAB-64F4-4ACF-BEEF-F34E03486E06}.Release|ARM64.ActiveCfg = Release|Any CPU
		{65364FAB-64F4-4ACF-BEEF-F34E03486E06}.Release|ARM64.Build.0 = Release|Any CPU
		{65364FAB-64F4-4ACF-BEEF-F34E03486E06}.Release|x64.ActiveCfg = Release|Any CPU
		{65364FAB-64F4-4ACF-BEEF-F34E03486E06}.Release|x64.Build.0 = Release|Any CPU
		{65364FAB-64F4-4ACF-BEEF-F34E03486E06}.Release|x86.ActiveCfg = Release|Any CPU
		{65364FAB-64F4-4ACF-BEEF-F34E03486E06}.Release|x86.Build.0 = Release|Any CPU
		{508AC867-4A87-458D-BA6B-3BB6F1CD82AF}.Debug|Any CPU.ActiveCfg = Debug|Any CPU
		{508AC867-4A87-458D-BA6B-3BB6F1CD82AF}.Debug|Any CPU.Build.0 = Debug|Any CPU
		{508AC867-4A87-458D-BA6B-3BB6F1CD82AF}.Debug|ARM.ActiveCfg = Debug|Any CPU
		{508AC867-4A87-458D-BA6B-3BB6F1CD82AF}.Debug|ARM.Build.0 = Debug|Any CPU
		{508AC867-4A87-458D-BA6B-3BB6F1CD82AF}.Debug|ARM64.ActiveCfg = Debug|Any CPU
		{508AC867-4A87-458D-BA6B-3BB6F1CD82AF}.Debug|ARM64.Build.0 = Debug|Any CPU
		{508AC867-4A87-458D-BA6B-3BB6F1CD82AF}.Debug|x64.ActiveCfg = Debug|Any CPU
		{508AC867-4A87-458D-BA6B-3BB6F1CD82AF}.Debug|x64.Build.0 = Debug|Any CPU
		{508AC867-4A87-458D-BA6B-3BB6F1CD82AF}.Debug|x86.ActiveCfg = Debug|Any CPU
		{508AC867-4A87-458D-BA6B-3BB6F1CD82AF}.Debug|x86.Build.0 = Debug|Any CPU
		{508AC867-4A87-458D-BA6B-3BB6F1CD82AF}.Release|Any CPU.ActiveCfg = Release|Any CPU
		{508AC867-4A87-458D-BA6B-3BB6F1CD82AF}.Release|Any CPU.Build.0 = Release|Any CPU
		{508AC867-4A87-458D-BA6B-3BB6F1CD82AF}.Release|ARM.ActiveCfg = Release|Any CPU
		{508AC867-4A87-458D-BA6B-3BB6F1CD82AF}.Release|ARM.Build.0 = Release|Any CPU
		{508AC867-4A87-458D-BA6B-3BB6F1CD82AF}.Release|ARM64.ActiveCfg = Release|Any CPU
		{508AC867-4A87-458D-BA6B-3BB6F1CD82AF}.Release|ARM64.Build.0 = Release|Any CPU
		{508AC867-4A87-458D-BA6B-3BB6F1CD82AF}.Release|x64.ActiveCfg = Release|Any CPU
		{508AC867-4A87-458D-BA6B-3BB6F1CD82AF}.Release|x64.Build.0 = Release|Any CPU
		{508AC867-4A87-458D-BA6B-3BB6F1CD82AF}.Release|x86.ActiveCfg = Release|Any CPU
		{508AC867-4A87-458D-BA6B-3BB6F1CD82AF}.Release|x86.Build.0 = Release|Any CPU
		{75C22D41-4932-435D-ACD6-9AE16494A0B4}.Debug|Any CPU.ActiveCfg = Debug|Any CPU
		{75C22D41-4932-435D-ACD6-9AE16494A0B4}.Debug|Any CPU.Build.0 = Debug|Any CPU
		{75C22D41-4932-435D-ACD6-9AE16494A0B4}.Debug|ARM.ActiveCfg = Debug|Any CPU
		{75C22D41-4932-435D-ACD6-9AE16494A0B4}.Debug|ARM.Build.0 = Debug|Any CPU
		{75C22D41-4932-435D-ACD6-9AE16494A0B4}.Debug|ARM64.ActiveCfg = Debug|Any CPU
		{75C22D41-4932-435D-ACD6-9AE16494A0B4}.Debug|ARM64.Build.0 = Debug|Any CPU
		{75C22D41-4932-435D-ACD6-9AE16494A0B4}.Debug|x64.ActiveCfg = Debug|Any CPU
		{75C22D41-4932-435D-ACD6-9AE16494A0B4}.Debug|x64.Build.0 = Debug|Any CPU
		{75C22D41-4932-435D-ACD6-9AE16494A0B4}.Debug|x86.ActiveCfg = Debug|Any CPU
		{75C22D41-4932-435D-ACD6-9AE16494A0B4}.Debug|x86.Build.0 = Debug|Any CPU
		{75C22D41-4932-435D-ACD6-9AE16494A0B4}.Release|Any CPU.ActiveCfg = Release|Any CPU
		{75C22D41-4932-435D-ACD6-9AE16494A0B4}.Release|Any CPU.Build.0 = Release|Any CPU
		{75C22D41-4932-435D-ACD6-9AE16494A0B4}.Release|ARM.ActiveCfg = Release|Any CPU
		{75C22D41-4932-435D-ACD6-9AE16494A0B4}.Release|ARM.Build.0 = Release|Any CPU
		{75C22D41-4932-435D-ACD6-9AE16494A0B4}.Release|ARM64.ActiveCfg = Release|Any CPU
		{75C22D41-4932-435D-ACD6-9AE16494A0B4}.Release|ARM64.Build.0 = Release|Any CPU
		{75C22D41-4932-435D-ACD6-9AE16494A0B4}.Release|x64.ActiveCfg = Release|Any CPU
		{75C22D41-4932-435D-ACD6-9AE16494A0B4}.Release|x64.Build.0 = Release|Any CPU
		{75C22D41-4932-435D-ACD6-9AE16494A0B4}.Release|x86.ActiveCfg = Release|Any CPU
		{75C22D41-4932-435D-ACD6-9AE16494A0B4}.Release|x86.Build.0 = Release|Any CPU
		{C07EB0EB-50B4-4B67-B42E-D85A856FAFD2}.Debug|Any CPU.ActiveCfg = Debug|Any CPU
		{C07EB0EB-50B4-4B67-B42E-D85A856FAFD2}.Debug|Any CPU.Build.0 = Debug|Any CPU
		{C07EB0EB-50B4-4B67-B42E-D85A856FAFD2}.Debug|ARM.ActiveCfg = Debug|Any CPU
		{C07EB0EB-50B4-4B67-B42E-D85A856FAFD2}.Debug|ARM.Build.0 = Debug|Any CPU
		{C07EB0EB-50B4-4B67-B42E-D85A856FAFD2}.Debug|ARM64.ActiveCfg = Debug|Any CPU
		{C07EB0EB-50B4-4B67-B42E-D85A856FAFD2}.Debug|ARM64.Build.0 = Debug|Any CPU
		{C07EB0EB-50B4-4B67-B42E-D85A856FAFD2}.Debug|x64.ActiveCfg = Debug|Any CPU
		{C07EB0EB-50B4-4B67-B42E-D85A856FAFD2}.Debug|x64.Build.0 = Debug|Any CPU
		{C07EB0EB-50B4-4B67-B42E-D85A856FAFD2}.Debug|x86.ActiveCfg = Debug|Any CPU
		{C07EB0EB-50B4-4B67-B42E-D85A856FAFD2}.Debug|x86.Build.0 = Debug|Any CPU
		{C07EB0EB-50B4-4B67-B42E-D85A856FAFD2}.Release|Any CPU.ActiveCfg = Release|Any CPU
		{C07EB0EB-50B4-4B67-B42E-D85A856FAFD2}.Release|Any CPU.Build.0 = Release|Any CPU
		{C07EB0EB-50B4-4B67-B42E-D85A856FAFD2}.Release|ARM.ActiveCfg = Release|Any CPU
		{C07EB0EB-50B4-4B67-B42E-D85A856FAFD2}.Release|ARM.Build.0 = Release|Any CPU
		{C07EB0EB-50B4-4B67-B42E-D85A856FAFD2}.Release|ARM64.ActiveCfg = Release|Any CPU
		{C07EB0EB-50B4-4B67-B42E-D85A856FAFD2}.Release|ARM64.Build.0 = Release|Any CPU
		{C07EB0EB-50B4-4B67-B42E-D85A856FAFD2}.Release|x64.ActiveCfg = Release|Any CPU
		{C07EB0EB-50B4-4B67-B42E-D85A856FAFD2}.Release|x64.Build.0 = Release|Any CPU
		{C07EB0EB-50B4-4B67-B42E-D85A856FAFD2}.Release|x86.ActiveCfg = Release|Any CPU
		{C07EB0EB-50B4-4B67-B42E-D85A856FAFD2}.Release|x86.Build.0 = Release|Any CPU
		{5B7F1E36-C3E0-454A-81F8-1F9A41A1498B}.Debug|Any CPU.ActiveCfg = Debug|Any CPU
		{5B7F1E36-C3E0-454A-81F8-1F9A41A1498B}.Debug|Any CPU.Build.0 = Debug|Any CPU
		{5B7F1E36-C3E0-454A-81F8-1F9A41A1498B}.Debug|ARM.ActiveCfg = Debug|Any CPU
		{5B7F1E36-C3E0-454A-81F8-1F9A41A1498B}.Debug|ARM.Build.0 = Debug|Any CPU
		{5B7F1E36-C3E0-454A-81F8-1F9A41A1498B}.Debug|ARM64.ActiveCfg = Debug|Any CPU
		{5B7F1E36-C3E0-454A-81F8-1F9A41A1498B}.Debug|ARM64.Build.0 = Debug|Any CPU
		{5B7F1E36-C3E0-454A-81F8-1F9A41A1498B}.Debug|x64.ActiveCfg = Debug|Any CPU
		{5B7F1E36-C3E0-454A-81F8-1F9A41A1498B}.Debug|x64.Build.0 = Debug|Any CPU
		{5B7F1E36-C3E0-454A-81F8-1F9A41A1498B}.Debug|x86.ActiveCfg = Debug|Any CPU
		{5B7F1E36-C3E0-454A-81F8-1F9A41A1498B}.Debug|x86.Build.0 = Debug|Any CPU
		{5B7F1E36-C3E0-454A-81F8-1F9A41A1498B}.Release|Any CPU.ActiveCfg = Release|Any CPU
		{5B7F1E36-C3E0-454A-81F8-1F9A41A1498B}.Release|Any CPU.Build.0 = Release|Any CPU
		{5B7F1E36-C3E0-454A-81F8-1F9A41A1498B}.Release|ARM.ActiveCfg = Release|Any CPU
		{5B7F1E36-C3E0-454A-81F8-1F9A41A1498B}.Release|ARM.Build.0 = Release|Any CPU
		{5B7F1E36-C3E0-454A-81F8-1F9A41A1498B}.Release|ARM64.ActiveCfg = Release|Any CPU
		{5B7F1E36-C3E0-454A-81F8-1F9A41A1498B}.Release|ARM64.Build.0 = Release|Any CPU
		{5B7F1E36-C3E0-454A-81F8-1F9A41A1498B}.Release|x64.ActiveCfg = Release|Any CPU
		{5B7F1E36-C3E0-454A-81F8-1F9A41A1498B}.Release|x64.Build.0 = Release|Any CPU
		{5B7F1E36-C3E0-454A-81F8-1F9A41A1498B}.Release|x86.ActiveCfg = Release|Any CPU
		{5B7F1E36-C3E0-454A-81F8-1F9A41A1498B}.Release|x86.Build.0 = Release|Any CPU
		{A1D47BCB-1C15-47C7-8064-044D64004696}.Debug|Any CPU.ActiveCfg = Debug|Any CPU
		{A1D47BCB-1C15-47C7-8064-044D64004696}.Debug|Any CPU.Build.0 = Debug|Any CPU
		{A1D47BCB-1C15-47C7-8064-044D64004696}.Debug|ARM.ActiveCfg = Debug|Any CPU
		{A1D47BCB-1C15-47C7-8064-044D64004696}.Debug|ARM.Build.0 = Debug|Any CPU
		{A1D47BCB-1C15-47C7-8064-044D64004696}.Debug|ARM64.ActiveCfg = Debug|Any CPU
		{A1D47BCB-1C15-47C7-8064-044D64004696}.Debug|ARM64.Build.0 = Debug|Any CPU
		{A1D47BCB-1C15-47C7-8064-044D64004696}.Debug|x64.ActiveCfg = Debug|x64
		{A1D47BCB-1C15-47C7-8064-044D64004696}.Debug|x64.Build.0 = Debug|x64
		{A1D47BCB-1C15-47C7-8064-044D64004696}.Debug|x86.ActiveCfg = Debug|Any CPU
		{A1D47BCB-1C15-47C7-8064-044D64004696}.Debug|x86.Build.0 = Debug|Any CPU
		{A1D47BCB-1C15-47C7-8064-044D64004696}.Release|Any CPU.ActiveCfg = Release|Any CPU
		{A1D47BCB-1C15-47C7-8064-044D64004696}.Release|Any CPU.Build.0 = Release|Any CPU
		{A1D47BCB-1C15-47C7-8064-044D64004696}.Release|ARM.ActiveCfg = Release|Any CPU
		{A1D47BCB-1C15-47C7-8064-044D64004696}.Release|ARM.Build.0 = Release|Any CPU
		{A1D47BCB-1C15-47C7-8064-044D64004696}.Release|ARM64.ActiveCfg = Release|Any CPU
		{A1D47BCB-1C15-47C7-8064-044D64004696}.Release|ARM64.Build.0 = Release|Any CPU
		{A1D47BCB-1C15-47C7-8064-044D64004696}.Release|x64.ActiveCfg = Release|x64
		{A1D47BCB-1C15-47C7-8064-044D64004696}.Release|x64.Build.0 = Release|x64
		{A1D47BCB-1C15-47C7-8064-044D64004696}.Release|x86.ActiveCfg = Release|Any CPU
		{A1D47BCB-1C15-47C7-8064-044D64004696}.Release|x86.Build.0 = Release|Any CPU
		{415B78B5-812F-4B4C-BF05-25AC78E1A034}.Debug|Any CPU.ActiveCfg = Debug|Any CPU
		{415B78B5-812F-4B4C-BF05-25AC78E1A034}.Debug|Any CPU.Build.0 = Debug|Any CPU
		{415B78B5-812F-4B4C-BF05-25AC78E1A034}.Debug|ARM.ActiveCfg = Debug|Any CPU
		{415B78B5-812F-4B4C-BF05-25AC78E1A034}.Debug|ARM.Build.0 = Debug|Any CPU
		{415B78B5-812F-4B4C-BF05-25AC78E1A034}.Debug|ARM64.ActiveCfg = Debug|Any CPU
		{415B78B5-812F-4B4C-BF05-25AC78E1A034}.Debug|ARM64.Build.0 = Debug|Any CPU
		{415B78B5-812F-4B4C-BF05-25AC78E1A034}.Debug|x64.ActiveCfg = Debug|Any CPU
		{415B78B5-812F-4B4C-BF05-25AC78E1A034}.Debug|x64.Build.0 = Debug|Any CPU
		{415B78B5-812F-4B4C-BF05-25AC78E1A034}.Debug|x86.ActiveCfg = Debug|Any CPU
		{415B78B5-812F-4B4C-BF05-25AC78E1A034}.Debug|x86.Build.0 = Debug|Any CPU
		{415B78B5-812F-4B4C-BF05-25AC78E1A034}.Release|Any CPU.ActiveCfg = Release|Any CPU
		{415B78B5-812F-4B4C-BF05-25AC78E1A034}.Release|Any CPU.Build.0 = Release|Any CPU
		{415B78B5-812F-4B4C-BF05-25AC78E1A034}.Release|ARM.ActiveCfg = Release|Any CPU
		{415B78B5-812F-4B4C-BF05-25AC78E1A034}.Release|ARM.Build.0 = Release|Any CPU
		{415B78B5-812F-4B4C-BF05-25AC78E1A034}.Release|ARM64.ActiveCfg = Release|Any CPU
		{415B78B5-812F-4B4C-BF05-25AC78E1A034}.Release|ARM64.Build.0 = Release|Any CPU
		{415B78B5-812F-4B4C-BF05-25AC78E1A034}.Release|x64.ActiveCfg = Release|Any CPU
		{415B78B5-812F-4B4C-BF05-25AC78E1A034}.Release|x64.Build.0 = Release|Any CPU
		{415B78B5-812F-4B4C-BF05-25AC78E1A034}.Release|x86.ActiveCfg = Release|Any CPU
		{415B78B5-812F-4B4C-BF05-25AC78E1A034}.Release|x86.Build.0 = Release|Any CPU
		{DF2A32AB-F5C8-44DB-BA22-FE38FE85C904}.Debug|Any CPU.ActiveCfg = Debug|Any CPU
		{DF2A32AB-F5C8-44DB-BA22-FE38FE85C904}.Debug|Any CPU.Build.0 = Debug|Any CPU
		{DF2A32AB-F5C8-44DB-BA22-FE38FE85C904}.Debug|ARM.ActiveCfg = Debug|Any CPU
		{DF2A32AB-F5C8-44DB-BA22-FE38FE85C904}.Debug|ARM.Build.0 = Debug|Any CPU
		{DF2A32AB-F5C8-44DB-BA22-FE38FE85C904}.Debug|ARM64.ActiveCfg = Debug|Any CPU
		{DF2A32AB-F5C8-44DB-BA22-FE38FE85C904}.Debug|ARM64.Build.0 = Debug|Any CPU
		{DF2A32AB-F5C8-44DB-BA22-FE38FE85C904}.Debug|x64.ActiveCfg = Debug|Any CPU
		{DF2A32AB-F5C8-44DB-BA22-FE38FE85C904}.Debug|x64.Build.0 = Debug|Any CPU
		{DF2A32AB-F5C8-44DB-BA22-FE38FE85C904}.Debug|x86.ActiveCfg = Debug|Any CPU
		{DF2A32AB-F5C8-44DB-BA22-FE38FE85C904}.Debug|x86.Build.0 = Debug|Any CPU
		{DF2A32AB-F5C8-44DB-BA22-FE38FE85C904}.Release|Any CPU.ActiveCfg = Release|Any CPU
		{DF2A32AB-F5C8-44DB-BA22-FE38FE85C904}.Release|Any CPU.Build.0 = Release|Any CPU
		{DF2A32AB-F5C8-44DB-BA22-FE38FE85C904}.Release|ARM.ActiveCfg = Release|Any CPU
		{DF2A32AB-F5C8-44DB-BA22-FE38FE85C904}.Release|ARM.Build.0 = Release|Any CPU
		{DF2A32AB-F5C8-44DB-BA22-FE38FE85C904}.Release|ARM64.ActiveCfg = Release|Any CPU
		{DF2A32AB-F5C8-44DB-BA22-FE38FE85C904}.Release|ARM64.Build.0 = Release|Any CPU
		{DF2A32AB-F5C8-44DB-BA22-FE38FE85C904}.Release|x64.ActiveCfg = Release|Any CPU
		{DF2A32AB-F5C8-44DB-BA22-FE38FE85C904}.Release|x64.Build.0 = Release|Any CPU
		{DF2A32AB-F5C8-44DB-BA22-FE38FE85C904}.Release|x86.ActiveCfg = Release|Any CPU
		{DF2A32AB-F5C8-44DB-BA22-FE38FE85C904}.Release|x86.Build.0 = Release|Any CPU
		{6A8CF6EC-E1F8-43D9-B8E8-D8C84021EF74}.Debug|Any CPU.ActiveCfg = Debug|Any CPU
		{6A8CF6EC-E1F8-43D9-B8E8-D8C84021EF74}.Debug|Any CPU.Build.0 = Debug|Any CPU
		{6A8CF6EC-E1F8-43D9-B8E8-D8C84021EF74}.Debug|ARM.ActiveCfg = Debug|Any CPU
		{6A8CF6EC-E1F8-43D9-B8E8-D8C84021EF74}.Debug|ARM.Build.0 = Debug|Any CPU
		{6A8CF6EC-E1F8-43D9-B8E8-D8C84021EF74}.Debug|ARM64.ActiveCfg = Debug|Any CPU
		{6A8CF6EC-E1F8-43D9-B8E8-D8C84021EF74}.Debug|ARM64.Build.0 = Debug|Any CPU
		{6A8CF6EC-E1F8-43D9-B8E8-D8C84021EF74}.Debug|x64.ActiveCfg = Debug|Any CPU
		{6A8CF6EC-E1F8-43D9-B8E8-D8C84021EF74}.Debug|x64.Build.0 = Debug|Any CPU
		{6A8CF6EC-E1F8-43D9-B8E8-D8C84021EF74}.Debug|x86.ActiveCfg = Debug|Any CPU
		{6A8CF6EC-E1F8-43D9-B8E8-D8C84021EF74}.Debug|x86.Build.0 = Debug|Any CPU
		{6A8CF6EC-E1F8-43D9-B8E8-D8C84021EF74}.Release|Any CPU.ActiveCfg = Release|Any CPU
		{6A8CF6EC-E1F8-43D9-B8E8-D8C84021EF74}.Release|Any CPU.Build.0 = Release|Any CPU
		{6A8CF6EC-E1F8-43D9-B8E8-D8C84021EF74}.Release|ARM.ActiveCfg = Release|Any CPU
		{6A8CF6EC-E1F8-43D9-B8E8-D8C84021EF74}.Release|ARM.Build.0 = Release|Any CPU
		{6A8CF6EC-E1F8-43D9-B8E8-D8C84021EF74}.Release|ARM64.ActiveCfg = Release|Any CPU
		{6A8CF6EC-E1F8-43D9-B8E8-D8C84021EF74}.Release|ARM64.Build.0 = Release|Any CPU
		{6A8CF6EC-E1F8-43D9-B8E8-D8C84021EF74}.Release|x64.ActiveCfg = Release|Any CPU
		{6A8CF6EC-E1F8-43D9-B8E8-D8C84021EF74}.Release|x64.Build.0 = Release|Any CPU
		{6A8CF6EC-E1F8-43D9-B8E8-D8C84021EF74}.Release|x86.ActiveCfg = Release|Any CPU
		{6A8CF6EC-E1F8-43D9-B8E8-D8C84021EF74}.Release|x86.Build.0 = Release|Any CPU
		{8B072057-D520-462A-B737-2CD7BC3B8309}.Debug|Any CPU.ActiveCfg = Debug|x64
		{8B072057-D520-462A-B737-2CD7BC3B8309}.Debug|Any CPU.Build.0 = Debug|x64
		{8B072057-D520-462A-B737-2CD7BC3B8309}.Debug|Any CPU.Deploy.0 = Debug|x64
		{8B072057-D520-462A-B737-2CD7BC3B8309}.Debug|ARM.ActiveCfg = Debug|x64
		{8B072057-D520-462A-B737-2CD7BC3B8309}.Debug|ARM.Build.0 = Debug|x64
		{8B072057-D520-462A-B737-2CD7BC3B8309}.Debug|ARM.Deploy.0 = Debug|x64
		{8B072057-D520-462A-B737-2CD7BC3B8309}.Debug|ARM64.ActiveCfg = Debug|ARM64
		{8B072057-D520-462A-B737-2CD7BC3B8309}.Debug|ARM64.Build.0 = Debug|ARM64
		{8B072057-D520-462A-B737-2CD7BC3B8309}.Debug|ARM64.Deploy.0 = Debug|ARM64
		{8B072057-D520-462A-B737-2CD7BC3B8309}.Debug|x64.ActiveCfg = Debug|x64
		{8B072057-D520-462A-B737-2CD7BC3B8309}.Debug|x64.Build.0 = Debug|x64
		{8B072057-D520-462A-B737-2CD7BC3B8309}.Debug|x64.Deploy.0 = Debug|x64
		{8B072057-D520-462A-B737-2CD7BC3B8309}.Debug|x86.ActiveCfg = Debug|x86
		{8B072057-D520-462A-B737-2CD7BC3B8309}.Debug|x86.Build.0 = Debug|x86
		{8B072057-D520-462A-B737-2CD7BC3B8309}.Debug|x86.Deploy.0 = Debug|x86
		{8B072057-D520-462A-B737-2CD7BC3B8309}.Release|Any CPU.ActiveCfg = Release|x64
		{8B072057-D520-462A-B737-2CD7BC3B8309}.Release|Any CPU.Build.0 = Release|x64
		{8B072057-D520-462A-B737-2CD7BC3B8309}.Release|Any CPU.Deploy.0 = Release|x64
		{8B072057-D520-462A-B737-2CD7BC3B8309}.Release|ARM.ActiveCfg = Release|x64
		{8B072057-D520-462A-B737-2CD7BC3B8309}.Release|ARM.Build.0 = Release|x64
		{8B072057-D520-462A-B737-2CD7BC3B8309}.Release|ARM.Deploy.0 = Release|x64
		{8B072057-D520-462A-B737-2CD7BC3B8309}.Release|ARM64.ActiveCfg = Release|ARM64
		{8B072057-D520-462A-B737-2CD7BC3B8309}.Release|ARM64.Build.0 = Release|ARM64
		{8B072057-D520-462A-B737-2CD7BC3B8309}.Release|ARM64.Deploy.0 = Release|ARM64
		{8B072057-D520-462A-B737-2CD7BC3B8309}.Release|x64.ActiveCfg = Release|x64
		{8B072057-D520-462A-B737-2CD7BC3B8309}.Release|x64.Build.0 = Release|x64
		{8B072057-D520-462A-B737-2CD7BC3B8309}.Release|x64.Deploy.0 = Release|x64
		{8B072057-D520-462A-B737-2CD7BC3B8309}.Release|x86.ActiveCfg = Release|x86
		{8B072057-D520-462A-B737-2CD7BC3B8309}.Release|x86.Build.0 = Release|x86
		{8B072057-D520-462A-B737-2CD7BC3B8309}.Release|x86.Deploy.0 = Release|x86
		{1323904A-8699-4410-8874-CE1F830D84C7}.Debug|Any CPU.ActiveCfg = Debug|Any CPU
		{1323904A-8699-4410-8874-CE1F830D84C7}.Debug|Any CPU.Build.0 = Debug|Any CPU
		{1323904A-8699-4410-8874-CE1F830D84C7}.Debug|ARM.ActiveCfg = Debug|Any CPU
		{1323904A-8699-4410-8874-CE1F830D84C7}.Debug|ARM.Build.0 = Debug|Any CPU
		{1323904A-8699-4410-8874-CE1F830D84C7}.Debug|ARM64.ActiveCfg = Debug|Any CPU
		{1323904A-8699-4410-8874-CE1F830D84C7}.Debug|ARM64.Build.0 = Debug|Any CPU
		{1323904A-8699-4410-8874-CE1F830D84C7}.Debug|x64.ActiveCfg = Debug|Any CPU
		{1323904A-8699-4410-8874-CE1F830D84C7}.Debug|x64.Build.0 = Debug|Any CPU
		{1323904A-8699-4410-8874-CE1F830D84C7}.Debug|x86.ActiveCfg = Debug|Any CPU
		{1323904A-8699-4410-8874-CE1F830D84C7}.Debug|x86.Build.0 = Debug|Any CPU
		{1323904A-8699-4410-8874-CE1F830D84C7}.Release|Any CPU.ActiveCfg = Release|Any CPU
		{1323904A-8699-4410-8874-CE1F830D84C7}.Release|Any CPU.Build.0 = Release|Any CPU
		{1323904A-8699-4410-8874-CE1F830D84C7}.Release|ARM.ActiveCfg = Release|Any CPU
		{1323904A-8699-4410-8874-CE1F830D84C7}.Release|ARM.Build.0 = Release|Any CPU
		{1323904A-8699-4410-8874-CE1F830D84C7}.Release|ARM64.ActiveCfg = Release|Any CPU
		{1323904A-8699-4410-8874-CE1F830D84C7}.Release|ARM64.Build.0 = Release|Any CPU
		{1323904A-8699-4410-8874-CE1F830D84C7}.Release|x64.ActiveCfg = Release|Any CPU
		{1323904A-8699-4410-8874-CE1F830D84C7}.Release|x64.Build.0 = Release|Any CPU
		{1323904A-8699-4410-8874-CE1F830D84C7}.Release|x86.ActiveCfg = Release|Any CPU
		{1323904A-8699-4410-8874-CE1F830D84C7}.Release|x86.Build.0 = Release|Any CPU
	EndGlobalSection
	GlobalSection(SolutionProperties) = preSolution
		HideSolutionNode = FALSE
	EndGlobalSection
	GlobalSection(NestedProjects) = preSolution
		{75C22D41-4932-435D-ACD6-9AE16494A0B4} = {3AEE3F6E-4EEA-406C-B573-84FFB48041AA}
		{C07EB0EB-50B4-4B67-B42E-D85A856FAFD2} = {3AEE3F6E-4EEA-406C-B573-84FFB48041AA}
		{5B7F1E36-C3E0-454A-81F8-1F9A41A1498B} = {3E835174-B8BC-4646-9D6B-DB76A93D609E}
		{A1D47BCB-1C15-47C7-8064-044D64004696} = {3E835174-B8BC-4646-9D6B-DB76A93D609E}
		{415B78B5-812F-4B4C-BF05-25AC78E1A034} = {AB452149-3967-40C1-92A2-E0CE199B7869}
		{DF2A32AB-F5C8-44DB-BA22-FE38FE85C904} = {AB452149-3967-40C1-92A2-E0CE199B7869}
		{6A8CF6EC-E1F8-43D9-B8E8-D8C84021EF74} = {AB452149-3967-40C1-92A2-E0CE199B7869}
		{8B072057-D520-462A-B737-2CD7BC3B8309} = {3E835174-B8BC-4646-9D6B-DB76A93D609E}
	EndGlobalSection
	GlobalSection(ExtensibilityGlobals) = postSolution
		SolutionGuid = {7E9C0543-58E3-4745-AFC1-0BF303A4B24E}
	EndGlobalSection
EndGlobal
